{
  "name": "@nau/sdk",
  "version": "0.1.0",
  "lockfileVersion": 3,
  "requires": true,
  "packages": {
    "": {
      "name": "@nau/sdk",
      "version": "0.1.0",
      "license": "UNLICENSED",
      "dependencies": {
        "@nau/auth": "file:../auth",
        "@nau/types": "file:../types"
      },
      "devDependencies": {
        "@nau/auth": "file:../auth",
        "@nau/types": "file:../types",
        "@types/node": "^24.1.0",
        "typescript": "^5.8.3"
      }
    },
    "../auth": {
      "name": "@nau/auth",
      "version": "0.1.0",
      "dev": true,
      "license": "UNLICENSED",
      "dependencies": {
        "@nau/types": "file:../types",
        "jose": "^5.9.6"
      },
      "devDependencies": {
        "@nau/types": "file:../types",
        "@nestjs/common": "^10.0.0",
        "@types/node": "^24.1.0",
        "jose": "^5.9.6",
        "typescript": "^5.8.3"
      },
      "peerDependencies": {
        "@nestjs/common": ">=10",
        "@nestjs/core": ">=10",
        "reflect-metadata": ">=0.1"
      },
      "peerDependenciesMeta": {
        "@nestjs/common": {
          "optional": true
        },
        "@nestjs/core": {
          "optional": true
        },
        "reflect-metadata": {
          "optional": true
        }
      }
    },
    "../types": {
      "name": "@nau/types",
      "version": "0.1.0",
      "dev": true,
      "license": "UNLICENSED",
      "devDependencies": {
        "@types/node": "^24.1.0",
        "typescript": "^5.8.3"
      }
    },
    "node_modules/@nau/auth": {
      "resolved": "../auth",
      "link": true
    },
    "node_modules/@nau/types": {
      "resolved": "../types",
      "link": true
    },
    "node_modules/@types/node": {
      "version": "24.12.2",
      "resolved": "https://registry.npmjs.org/@types/node/-/node-24.12.2.tgz",
      "integrity": "sha512-A1sre26ke7HDIuY/M23nd9gfB+nrmhtYyMINbjI1zHJxYteKR6qSMX56FsmjMcDb3SMcjJg5BiRRgOCC/yBD0g==",
      "dev": true,
      "license": "MIT",
      "dependencies": {
        "undici-types": "~7.16.0"
      }
    },
    "node_modules/typescript": {
      "version": "5.9.3",
      "resolved": "https://registry.npmjs.org/typescript/-/typescript-5.9.3.tgz",
      "integrity": "sha512-jl1vZzPDinLr9eUt3J/t7V6FgNEw9QjvBPdysz9KfQDD41fQrC2Y4vKQdiaUpFT4bXlb1RHhLpp8wtm6M5TgSw==",
      "dev": true,
      "license": "Apache-2.0",
      "bin": {
        "tsc": "bin/tsc",
        "tsserver": "bin/tsserver"
      },
      "engines": {
        "node": ">=14.17"
      }
    },
    "node_modules/undici-types": {
      "version": "7.16.0",
      "resolved": "https://registry.npmjs.org/undici-types/-/undici-types-7.16.0.tgz",
      "integrity": "sha512-Zz+aZWSj8LE6zoxD+xrjh4VfkIG8Ya6LvYkZqtUQGJPZjYl53ypCaUwWqo7eI0x66KBGeRo+mlBEkMSeSZ38Nw==",
      "dev": true,
      "license": "MIT"
    }
  }
}
