{
  "name": "mobile",
  "version": "1.1.0",
  "lockfileVersion": 3,
  "requires": true,
  "packages": {
    "": {
      "name": "mobile",
      "version": "1.1.0",
      "hasInstallScript": true,
      "dependencies": {
        "@react-native-community/datetimepicker": "7.7.0",
        "expo": "~50.0.6",
        "expo-av": "~13.10.6",
        "expo-clipboard": "~5.0.1",
        "expo-crypto": "~13.0.2",
        "expo-file-system": "~16.0.9",
        "expo-linking": "~6.2.2",
        "expo-share-intent": "^1.9.0",
        "expo-sharing": "~11.10.0",
        "expo-splash-screen": "~0.26.4",
        "expo-sqlite": "~13.4.0",
        "expo-status-bar": "~1.11.1",
        "expo-system-ui": "~2.9.4",
        "expo-video-thumbnails": "~7.9.0",
        "lucide-react-native": "^0.322.0",
        "react": "18.2.0",
        "react-native": "0.73.6",
        "react-native-gesture-handler": "~2.14.0",
        "react-native-reanimated": "~3.6.2",
        "react-native-safe-area-context": "4.8.2",
        "react-native-screens": "~3.29.0",
        "react-native-svg": "14.1.0"
      },
      "devDependencies": {
        "@babel/core": "^7.20.0",
        "@eslint/js": "^9.0.0",
        "@types/jest": "^29.5.12",
        "@types/react": "~18.2.45",
        "@typescript-eslint/eslint-plugin": "^8.0.0",
        "@typescript-eslint/parser": "^8.0.0",
        "eslint": "^9.0.0",
        "eslint-config-prettier": "^9.1.0",
        "eslint-plugin-react": "^7.37.0",
        "jest": "^29.7.0",
        "jest-expo": "~50.0.4",
        "prettier": "^3.2.4",
        "rimraf": "^5.0.5",
        "typescript": "^5.8.3",
        "typescript-eslint": "^8.0.0"
      }
    },
    "../../node_modules/.pnpm/@babel+core@7.29.0/node_modules/@babel/core": {
      "version": "7.29.0",
      "dev": true,
      "license": "MIT",
      "dependencies": {
        "@babel/code-frame": "^7.29.0",
        "@babel/generator": "^7.29.0",
        "@babel/helper-compilation-targets": "^7.28.6",
        "@babel/helper-module-transforms": "^7.28.6",
        "@babel/helpers": "^7.28.6",
        "@babel/parser": "^7.29.0",
        "@babel/template": "^7.28.6",
        "@babel/traverse": "^7.29.0",
        "@babel/types": "^7.29.0",
        "@jridgewell/remapping": "^2.3.5",
        "convert-source-map": "^2.0.0",
        "debug": "^4.1.0",
        "gensync": "^1.0.0-beta.2",
        "json5": "^2.2.3",
        "semver": "^6.3.1"
      },
      "devDependencies": {
        "@babel/helper-transform-fixture-test-runner": "^7.28.6",
        "@babel/plugin-syntax-flow": "^7.28.6",
        "@babel/plugin-transform-flow-strip-types": "^7.27.1",
        "@babel/plugin-transform-modules-commonjs": "^7.28.6",
        "@babel/preset-env": "^7.29.0",
        "@babel/preset-typescript": "^7.28.5",
        "@jridgewell/trace-mapping": "^0.3.28",
        "@types/convert-source-map": "^2.0.0",
        "@types/debug": "^4.1.0",
        "@types/resolve": "^1.3.2",
        "@types/semver": "^5.4.0",
        "rimraf": "^3.0.0",
        "ts-node": "^11.0.0-beta.1",
        "tsx": "^4.20.3"
      },
      "engines": {
        "node": ">=6.9.0"
      },
      "funding": {
        "type": "opencollective",
        "url": "https://opencollective.com/babel"
      }
    },
    "../../node_modules/.pnpm/@eslint+js@9.39.4/node_modules/@eslint/js": {
      "version": "9.39.4",
      "dev": true,
      "license": "MIT",
      "engines": {
        "node": "^18.18.0 || ^20.9.0 || >=21.1.0"
      },
      "funding": {
        "url": "https://eslint.org/donate"
      }
    },
    "../../node_modules/.pnpm/@react-native-community+datetimepicker@7.7.0/node_modules/@react-native-community/datetimepicker": {
      "version": "7.7.0",
      "license": "MIT",
      "dependencies": {
        "invariant": "^2.2.4"
      },
      "devDependencies": {
        "@react-native-segmented-control/segmented-control": "^2.4.0",
        "@react-native/eslint-config": "^0.72.2",
        "@react-native/metro-config": "^0.73.2",
        "@semantic-release/git": "^10.0.1",
        "@testing-library/react-native": "9.1.0",
        "babel-jest": "^29.5.0",
        "detox": "^20.19.3",
        "eslint": "^8.42.0",
        "eslint-plugin-ft-flow": "^2.0.1",
        "eslint-plugin-prettier": "^4.2.1",
        "flow-bin": "^0.182.0",
        "flow-typed": "^3.8.0",
        "jest": "^29.5.0",
        "moment": "^2.24.0",
        "moment-timezone": "^0.5.41",
        "patch-package": "^6.4.7",
        "postinstall-postinstall": "^2.1.0",
        "prettier": "^2.8.8",
        "react": "18.2.0",
        "react-native": "^0.72.7",
        "react-native-localize": "^3.0.3",
        "react-native-test-app": "^2.5.32",
        "react-native-windows": "^0.71.3",
        "react-test-renderer": "18.2.0",
        "semantic-release": "^19.0.3"
      }
    },
    "../../node_modules/.pnpm/@types+jest@29.5.14/node_modules/@types/jest": {
      "version": "29.5.14",
      "dev": true,
      "license": "MIT",
      "dependencies": {
        "expect": "^29.0.0",
        "pretty-format": "^29.0.0"
      }
    },
    "../../node_modules/.pnpm/@types+react@18.2.79/node_modules/@types/react": {
      "version": "18.2.79",
      "dev": true,
      "license": "MIT",
      "dependencies": {
        "@types/prop-types": "*",
        "csstype": "^3.0.2"
      }
    },
    "../../node_modules/.pnpm/@typescript-eslint+eslint-p_f4b8f379f9d2202f924d4362f77c93d9/node_modules/@typescript-eslint/eslint-plugin": {
      "version": "8.59.0",
      "dev": true,
      "license": "MIT",
      "dependencies": {
        "@eslint-community/regexpp": "^4.12.2",
        "@typescript-eslint/scope-manager": "8.59.0",
        "@typescript-eslint/type-utils": "8.59.0",
        "@typescript-eslint/utils": "8.59.0",
        "@typescript-eslint/visitor-keys": "8.59.0",
        "ignore": "^7.0.5",
        "natural-compare": "^1.4.0",
        "ts-api-utils": "^2.5.0"
      },
      "devDependencies": {
        "@types/json-schema": "^7.0.15",
        "@types/mdast": "^4.0.4",
        "@types/natural-compare": "^1.4.3",
        "@types/react": "^18.3.21",
        "@typescript-eslint/rule-schema-to-typescript-types": "8.59.0",
        "@typescript-eslint/rule-tester": "8.59.0",
        "@vitest/coverage-v8": "^4.0.18",
        "ajv": "^6.12.6",
        "eslint": "^10.0.0",
        "json-schema": "^0.4.0",
        "markdown-table": "^3.0.4",
        "marked": "^15.0.12",
        "mdast-util-from-markdown": "^2.0.2",
        "mdast-util-mdx": "^3.0.0",
        "micromark-extension-mdxjs": "^3.0.0",
        "prettier": "3.8.0",
        "rimraf": "^5.0.10",
        "title-case": "^4.3.2",
        "tsx": "^4.7.2",
        "typescript": ">=4.8.4 <6.1.0",
        "unist-util-visit": "^5.0.0",
        "vitest": "^4.0.18"
      },
      "engines": {
        "node": "^18.18.0 || ^20.9.0 || >=21.1.0"
      },
      "funding": {
        "type": "opencollective",
        "url": "https://opencollective.com/typescript-eslint"
      },
      "peerDependencies": {
        "@typescript-eslint/parser": "^8.59.0",
        "eslint": "^8.57.0 || ^9.0.0 || ^10.0.0",
        "typescript": ">=4.8.4 <6.1.0"
      }
    },
    "../../node_modules/.pnpm/@typescript-eslint+parser@8_de573f0ebc5c12f3c446e69620da549f/node_modules/@typescript-eslint/parser": {
      "version": "8.59.0",
      "dev": true,
      "license": "MIT",
      "dependencies": {
        "@typescript-eslint/scope-manager": "8.59.0",
        "@typescript-eslint/types": "8.59.0",
        "@typescript-eslint/typescript-estree": "8.59.0",
        "@typescript-eslint/visitor-keys": "8.59.0",
        "debug": "^4.4.3"
      },
      "devDependencies": {
        "@vitest/coverage-v8": "^4.0.18",
        "eslint": "^10.0.0",
        "glob": "^11.1.0",
        "rimraf": "^5.0.10",
        "typescript": ">=4.8.4 <6.1.0",
        "vitest": "^4.0.18"
      },
      "engines": {
        "node": "^18.18.0 || ^20.9.0 || >=21.1.0"
      },
      "funding": {
        "type": "opencollective",
        "url": "https://opencollective.com/typescript-eslint"
      },
      "peerDependencies": {
        "eslint": "^8.57.0 || ^9.0.0 || ^10.0.0",
        "typescript": ">=4.8.4 <6.1.0"
      }
    },
    "../../node_modules/.pnpm/eslint-config-prettier@9.1.2_eslint@9.39.4_jiti@2.6.1_/node_modules/eslint-config-prettier": {
      "version": "9.1.2",
      "dev": true,
      "license": "MIT",
      "bin": {
        "eslint-config-prettier": "bin/cli.js"
      },
      "peerDependencies": {
        "eslint": ">=7.0.0"
      }
    },
    "../../node_modules/.pnpm/eslint-plugin-react@7.37.5_eslint@9.39.4_jiti@2.6.1_/node_modules/eslint-plugin-react": {
      "version": "7.37.5",
      "dev": true,
      "license": "MIT",
      "dependencies": {
        "array-includes": "^3.1.8",
        "array.prototype.findlast": "^1.2.5",
        "array.prototype.flatmap": "^1.3.3",
        "array.prototype.tosorted": "^1.1.4",
        "doctrine": "^2.1.0",
        "es-iterator-helpers": "^1.2.1",
        "estraverse": "^5.3.0",
        "hasown": "^2.0.2",
        "jsx-ast-utils": "^2.4.1 || ^3.0.0",
        "minimatch": "^3.1.2",
        "object.entries": "^1.1.9",
        "object.fromentries": "^2.0.8",
        "object.values": "^1.2.1",
        "prop-types": "^15.8.1",
        "resolve": "^2.0.0-next.5",
        "semver": "^6.3.1",
        "string.prototype.matchall": "^4.0.12",
        "string.prototype.repeat": "^1.0.0"
      },
      "devDependencies": {
        "@babel/core": "^7.26.10",
        "@babel/eslint-parser": "^7.27.0",
        "@babel/plugin-syntax-decorators": "^7.25.9",
        "@babel/plugin-syntax-do-expressions": "^7.25.9",
        "@babel/plugin-syntax-function-bind": "^7.25.9",
        "@babel/preset-react": "^7.26.3",
        "@types/eslint": "=7.2.10",
        "@types/estree": "0.0.52",
        "@types/node": "^4.9.5",
        "@typescript-eslint/parser": "^2.34.0 || ^3.10.1 || ^4 || ^5 || ^6.20 || ^7.14.1 || 8.4 - 8.17",
        "babel-eslint": "^8 || ^9 || ^10.1.0",
        "eslint": "^3 || ^4 || ^5 || ^6 || ^7 || ^8 || ^9.7",
        "eslint-config-airbnb-base": "^15.0.0",
        "eslint-doc-generator": "^1.7.1",
        "eslint-plugin-eslint-plugin": "^2.3.0 || ^3.5.3 || ^4.0.1 || ^5.0.5",
        "eslint-plugin-import": "^2.31.0",
        "eslint-remote-tester": "^3.0.1",
        "eslint-remote-tester-repositories": "^1.0.1",
        "eslint-scope": "^3.7.3",
        "espree": "^3.5.4",
        "gfm-footnotes": "^1.0.1",
        "glob": "=10.3.7",
        "istanbul": "^0.4.5",
        "jackspeak": "=2.1.1",
        "ls-engines": "^0.8.1",
        "markdownlint-cli": "^0.8.0 || ^0.32.2",
        "mocha": "^5.2.0",
        "npmignore": "^0.3.1",
        "sinon": "^7.5.0",
        "typescript": "^3.9.9",
        "typescript-eslint-parser": "^20.1.1"
      },
      "engines": {
        "node": ">=4"
      },
      "peerDependencies": {
        "eslint": "^3 || ^4 || ^5 || ^6 || ^7 || ^8 || ^9.7"
      }
    },
    "../../node_modules/.pnpm/eslint@9.39.4_jiti@2.6.1/node_modules/eslint": {
      "version": "9.39.4",
      "dev": true,
      "license": "MIT",
      "dependencies": {
        "@eslint-community/eslint-utils": "^4.8.0",
        "@eslint-community/regexpp": "^4.12.1",
        "@eslint/config-array": "^0.21.2",
        "@eslint/config-helpers": "^0.4.2",
        "@eslint/core": "^0.17.0",
        "@eslint/eslintrc": "^3.3.5",
        "@eslint/js": "9.39.4",
        "@eslint/plugin-kit": "^0.4.1",
        "@humanfs/node": "^0.16.6",
        "@humanwhocodes/module-importer": "^1.0.1",
        "@humanwhocodes/retry": "^0.4.2",
        "@types/estree": "^1.0.6",
        "ajv": "^6.14.0",
        "chalk": "^4.0.0",
        "cross-spawn": "^7.0.6",
        "debug": "^4.3.2",
        "escape-string-regexp": "^4.0.0",
        "eslint-scope": "^8.4.0",
        "eslint-visitor-keys": "^4.2.1",
        "espree": "^10.4.0",
        "esquery": "^1.5.0",
        "esutils": "^2.0.2",
        "fast-deep-equal": "^3.1.3",
        "file-entry-cache": "^8.0.0",
        "find-up": "^5.0.0",
        "glob-parent": "^6.0.2",
        "ignore": "^5.2.0",
        "imurmurhash": "^0.1.4",
        "is-glob": "^4.0.0",
        "json-stable-stringify-without-jsonify": "^1.0.1",
        "lodash.merge": "^4.6.2",
        "minimatch": "^3.1.5",
        "natural-compare": "^1.4.0",
        "optionator": "^0.9.3"
      },
      "bin": {
        "eslint": "bin/eslint.js"
      },
      "devDependencies": {
        "@arethetypeswrong/cli": "^0.18.0",
        "@babel/core": "^7.4.3",
        "@babel/preset-env": "^7.4.3",
        "@cypress/webpack-preprocessor": "^6.0.2",
        "@eslint/json": "^0.13.2",
        "@trunkio/launcher": "^1.3.4",
        "@types/esquery": "^1.5.4",
        "@types/node": "^22.13.14",
        "@typescript-eslint/parser": "^8.4.0",
        "babel-loader": "^8.0.5",
        "c8": "^7.12.0",
        "chai": "^4.0.1",
        "cheerio": "^0.22.0",
        "common-tags": "^1.8.0",
        "core-js": "^3.1.3",
        "cypress": "^14.1.0",
        "ejs": "^3.0.2",
        "eslint": "file:.",
        "eslint-config-eslint": "file:packages/eslint-config-eslint",
        "eslint-plugin-eslint-plugin": "^6.0.0",
        "eslint-plugin-expect-type": "^0.6.0",
        "eslint-plugin-yml": "^1.14.0",
        "eslint-release": "^3.3.0",
        "eslint-rule-composer": "^0.3.0",
        "eslump": "^3.0.0",
        "esprima": "^4.0.1",
        "fast-glob": "^3.2.11",
        "fs-teardown": "^0.1.3",
        "glob": "^10.0.0",
        "globals": "^16.2.0",
        "got": "^11.8.3",
        "gray-matter": "^4.0.3",
        "jiti": "^2.6.1",
        "jiti-v2.0": "npm:jiti@2.0.x",
        "jiti-v2.1": "npm:jiti@2.1.x",
        "knip": "^5.60.2",
        "lint-staged": "^11.0.0",
        "markdown-it": "^12.2.0",
        "markdown-it-container": "^3.0.0",
        "marked": "^4.0.8",
        "metascraper": "^5.25.7",
        "metascraper-description": "^5.25.7",
        "metascraper-image": "^5.29.3",
        "metascraper-logo": "^5.25.7",
        "metascraper-logo-favicon": "^5.25.7",
        "metascraper-title": "^5.25.7",
        "mocha": "^11.7.1",
        "node-polyfill-webpack-plugin": "^1.0.3",
        "npm-license": "^0.3.3",
        "pirates": "^4.0.5",
        "progress": "^2.0.3",
        "proxyquire": "^2.0.1",
        "recast": "^0.23.0",
        "regenerator-runtime": "^0.14.0",
        "semver": "^7.5.3",
        "shelljs": "^0.10.0",
        "sinon": "^11.0.0",
        "typescript": "^5.3.3",
        "webpack": "^5.23.0",
        "webpack-cli": "^4.5.0",
        "yorkie": "^2.0.0"
      },
      "engines": {
        "node": "^18.18.0 || ^20.9.0 || >=21.1.0"
      },
      "funding": {
        "url": "https://eslint.org/donate"
      },
      "peerDependencies": {
        "jiti": "*"
      },
      "peerDependenciesMeta": {
        "jiti": {
          "optional": true
        }
      }
    },
    "../../node_modules/.pnpm/expo-av@13.10.6_expo@50.0.2_4e0d70192dd516d740a81ccda896276d/node_modules/expo-av": {
      "version": "13.10.6",
      "license": "MIT",
      "devDependencies": {
        "expo-module-scripts": "^3.0.0"
      },
      "peerDependencies": {
        "expo": "*"
      }
    },
    "../../node_modules/.pnpm/expo-clipboard@5.0.1_expo@5_897db904f96a301994e5d62951dd0134/node_modules/expo-clipboard": {
      "version": "5.0.1",
      "license": "MIT",
      "devDependencies": {
        "expo-module-scripts": "^3.0.0"
      },
      "peerDependencies": {
        "expo": "*"
      }
    },
    "../../node_modules/.pnpm/expo-crypto@13.0.2_expo@50._46372ece978a06935774c0caf5896019/node_modules/expo-crypto": {
      "version": "13.0.2",
      "license": "MIT",
      "dependencies": {
        "base64-js": "^1.3.0"
      },
      "devDependencies": {
        "expo-module-scripts": "^3.0.0"
      },
      "peerDependencies": {
        "expo": "*"
      }
    },
    "../../node_modules/.pnpm/expo-file-system@16.0.9_exp_2caacb75078ff531d880f218bf66faa6/node_modules/expo-file-system": {
      "version": "16.0.9",
      "license": "MIT",
      "devDependencies": {
        "expo-module-scripts": "^3.0.0",
        "jest-expo": "~50.0.0-alpha.0"
      },
      "peerDependencies": {
        "expo": "*"
      }
    },
    "../../node_modules/.pnpm/expo-linking@6.2.2_expo@50._5453b8c40b426416ce1477641776ecd9/node_modules/expo-linking": {
      "version": "6.2.2",
      "license": "MIT",
      "dependencies": {
        "expo-constants": "~15.4.3",
        "invariant": "^2.2.4"
      },
      "devDependencies": {
        "expo-module-scripts": "^3.0.0"
      }
    },
    "../../node_modules/.pnpm/expo-share-intent@1.9.0_exp_02d1142c236d8a8a02a677291b9bdbe3/node_modules/expo-share-intent": {
      "version": "1.9.0",
      "funding": [
        {
          "type": "github",
          "url": "https://github.com/sponsors/achorein"
        },
        "https://www.buymeacoffee.com/achorein"
      ],
      "license": "MIT",
      "dependencies": {
        "@expo/config-plugins": "~7.9.1",
        "expo-constants": "~15.4.6",
        "expo-linking": "~6.2.2"
      },
      "devDependencies": {
        "@release-it/conventional-changelog": "^8.0.1",
        "@types/react": "^18.0.25",
        "@types/react-native": "^0.69.5",
        "dotenv-cli": "^7.3.0",
        "eslint": "^8.50.0",
        "expo-module-scripts": "^3.4.1",
        "expo-modules-core": "^1.11.8",
        "prettier": "^3.2.5",
        "release-it": "^17.1.1"
      },
      "peerDependencies": {
        "expo": "^50",
        "expo-constants": ">=14.4.2",
        "expo-linking": ">=6.2.2",
        "react": "*",
        "react-native": "*"
      }
    },
    "../../node_modules/.pnpm/expo-sharing@11.10.0_expo@5_5db5a221b1f9791d40142ec544e1b04c/node_modules/expo-sharing": {
      "version": "11.10.0",
      "license": "MIT",
      "devDependencies": {
        "expo-module-scripts": "^3.0.0"
      },
      "peerDependencies": {
        "expo": "*"
      }
    },
    "../../node_modules/.pnpm/expo-splash-screen@0.26.5_e_97864017554e8a792cacb72fa1778704/node_modules/expo-splash-screen": {
      "version": "0.26.5",
      "license": "MIT",
      "dependencies": {
        "@expo/prebuild-config": "6.8.1"
      },
      "devDependencies": {
        "expo-module-scripts": "^3.0.0"
      },
      "peerDependencies": {
        "expo": "*"
      }
    },
    "../../node_modules/.pnpm/expo-sqlite@13.4.0_expo@50._02f802ec2f67ed7bc51f25ba3fc41f95/node_modules/expo-sqlite": {
      "version": "13.4.0",
      "license": "MIT",
      "dependencies": {
        "@expo/websql": "^1.0.1"
      },
      "devDependencies": {
        "@types/better-sqlite3": "^7.6.6",
        "better-sqlite3": "^9.0.0",
        "expo-module-scripts": "^3.0.0",
        "react-error-boundary": "^4.0.11"
      },
      "peerDependencies": {
        "expo": "*"
      }
    },
    "../../node_modules/.pnpm/expo-status-bar@1.11.1/node_modules/expo-status-bar": {
      "version": "1.11.1",
      "license": "MIT",
      "devDependencies": {
        "@testing-library/jest-dom": "^5.16.5",
        "@testing-library/react": "^13.4.0",
        "@testing-library/react-native": "^11.3.0",
        "expo-module-scripts": "^3.0.0"
      }
    },
    "../../node_modules/.pnpm/expo-system-ui@2.9.4_expo@5_98589a4c35ca4f4b5aee4a97748bb30d/node_modules/expo-system-ui": {
      "version": "2.9.4",
      "license": "MIT",
      "dependencies": {
        "@react-native/normalize-color": "^2.0.0",
        "debug": "^4.3.2"
      },
      "devDependencies": {
        "expo-module-scripts": "^3.0.0"
      },
      "peerDependencies": {
        "expo": "*"
      }
    },
    "../../node_modules/.pnpm/expo-video-thumbnails@7.9.0_3fd8e30a0825fad8e9b9454e53664e98/node_modules/expo-video-thumbnails": {
      "version": "7.9.0",
      "license": "MIT",
      "devDependencies": {
        "expo-module-scripts": "^3.0.0"
      },
      "peerDependencies": {
        "expo": "*"
      }
    },
    "../../node_modules/.pnpm/expo@50.0.21_@babel+core@7._e6f562e6968823629249fdedbf307750/node_modules/expo": {
      "version": "50.0.21",
      "license": "MIT",
      "dependencies": {
        "@babel/runtime": "^7.20.0",
        "@expo/cli": "0.17.13",
        "@expo/config": "8.5.6",
        "@expo/config-plugins": "7.9.2",
        "@expo/metro-config": "0.17.8",
        "@expo/vector-icons": "^14.0.0",
        "babel-preset-expo": "~10.0.2",
        "expo-asset": "~9.0.2",
        "expo-file-system": "~16.0.9",
        "expo-font": "~11.10.3",
        "expo-keep-awake": "~12.8.2",
        "expo-modules-autolinking": "1.10.3",
        "expo-modules-core": "1.11.14",
        "fbemitter": "^3.0.0",
        "whatwg-url-without-unicode": "8.0.0-3"
      },
      "bin": {
        "expo": "bin/cli"
      },
      "devDependencies": {
        "@types/react": "~18.0.14",
        "@types/react-test-renderer": "^18.0.0",
        "expo-module-scripts": "^3.4.2",
        "react": "18.2.0",
        "react-dom": "18.2.0",
        "react-native": "0.73.6"
      }
    },
    "../../node_modules/.pnpm/jest-expo@50.0.4_@babel+cor_694ba757a156bd1f9b5204aa157f01bd/node_modules/jest-expo": {
      "version": "50.0.4",
      "dev": true,
      "license": "MIT",
      "dependencies": {
        "@expo/config": "~8.5.0",
        "@expo/json-file": "^8.2.37",
        "@jest/create-cache-key-function": "^29.2.1",
        "babel-jest": "^29.2.1",
        "find-up": "^5.0.0",
        "jest-environment-jsdom": "^29.2.1",
        "jest-watch-select-projects": "^2.0.0",
        "jest-watch-typeahead": "2.2.1",
        "json5": "^2.2.3",
        "lodash": "^4.17.19",
        "react-test-renderer": "18.2.0",
        "stacktrace-js": "^2.0.2"
      },
      "bin": {
        "jest": "bin/jest.js"
      }
    },
    "../../node_modules/.pnpm/jest@29.7.0_@types+node@25._0c55a7b8bbcc293b30d3a12fc80e562d/node_modules/jest": {
      "version": "29.7.0",
      "dev": true,
      "license": "MIT",
      "dependencies": {
        "@jest/core": "^29.7.0",
        "@jest/types": "^29.6.3",
        "import-local": "^3.0.2",
        "jest-cli": "^29.7.0"
      },
      "bin": {
        "jest": "bin/jest.js"
      },
      "devDependencies": {
        "@tsd/typescript": "^5.0.4",
        "tsd-lite": "^0.7.0"
      },
      "engines": {
        "node": "^14.15.0 || ^16.10.0 || >=18.0.0"
      },
      "peerDependencies": {
        "node-notifier": "^8.0.1 || ^9.0.0 || ^10.0.0"
      },
      "peerDependenciesMeta": {
        "node-notifier": {
          "optional": true
        }
      }
    },
    "../../node_modules/.pnpm/lucide-react-native@0.322.0_ba8b7acfa17b31d0df4866671d205b60/node_modules/lucide-react-native": {
      "version": "0.322.0",
      "license": "ISC",
      "devDependencies": {
        "@lucide/build-icons": "1.0.0",
        "@lucide/rollup-plugins": "1.0.0",
        "@testing-library/jest-dom": "^6.1.6",
        "@testing-library/react": "^14.1.2",
        "@types/prop-types": "^15.7.5",
        "@types/react": "^18.0.21",
        "@vitejs/plugin-react": "^4.2.1",
        "jest-serializer-html": "^7.1.0",
        "react": "^18.0.0",
        "react-dom": "^18.0.0",
        "react-native": "^0.73.1",
        "react-native-svg": "^14.1.0",
        "rollup": "^4.9.2",
        "rollup-plugin-dts": "^6.1.0",
        "typescript": "^4.8.4",
        "vite": "5.0.12",
        "vitest": "^1.1.1"
      },
      "peerDependencies": {
        "react": "^16.5.1 || ^17.0.0 || ^18.0.0",
        "react-native": "*",
        "react-native-svg": "^12.0.0 || ^13.0.0 || ^14.0.0"
      }
    },
    "../../node_modules/.pnpm/prettier@3.8.3/node_modules/prettier": {
      "version": "3.8.3",
      "dev": true,
      "license": "MIT",
      "bin": {
        "prettier": "bin/prettier.cjs"
      },
      "engines": {
        "node": ">=14"
      },
      "funding": {
        "url": "https://github.com/prettier/prettier?sponsor=1"
      }
    },
    "../../node_modules/.pnpm/react-native-gesture-handle_96775f001708b2be03abb18f5a651cbe/node_modules/react-native-gesture-handler": {
      "version": "2.14.1",
      "license": "MIT",
      "dependencies": {
        "@egjs/hammerjs": "^2.0.17",
        "hoist-non-react-statics": "^3.3.0",
        "invariant": "^2.2.4",
        "lodash": "^4.17.21",
        "prop-types": "^15.7.2"
      },
      "devDependencies": {
        "@babel/core": "^7.12.9",
        "@babel/plugin-proposal-class-properties": "^7.12.1",
        "@babel/preset-env": "^7.12.11",
        "@babel/preset-typescript": "^7.12.7",
        "@babel/runtime": "^7.12.5",
        "@react-native/babel-preset": "^0.73.18",
        "@testing-library/jest-native": "^4.0.4",
        "@testing-library/react-native": "^9.0.0",
        "@types/hammerjs": "^2.0.38",
        "@types/hoist-non-react-statics": "^3.3.1",
        "@types/jest": "^27.0.3",
        "@types/react": "^18.2.6",
        "@types/react-test-renderer": "^17.0.0",
        "@typescript-eslint/eslint-plugin": "^4.33.0",
        "@typescript-eslint/parser": "^4.33.0",
        "babel-jest": "^26.6.3",
        "clang-format": "^1.8.0",
        "eslint": "^7.32.0",
        "eslint-config-satya164": "^3.1.8",
        "eslint-import-resolver-babel-module": "^5.2.0",
        "eslint-plugin-import": "^2.22.1",
        "eslint-plugin-jest": "^26.0.0",
        "expo": "^35.0.1",
        "husky": "^8.0.1",
        "jest": "^26.6.3",
        "lint-staged": "^12.3.2",
        "prettier": "^2.7.1",
        "react": "18.2.0",
        "react-dom": "^16.12.0",
        "react-native": "0.73.0-rc.5",
        "react-native-builder-bob": "^0.17.1",
        "react-native-reanimated": "^2.3.1",
        "react-native-web": "^0.11.7",
        "react-test-renderer": "17.0.2",
        "release-it": "^13.6.5",
        "typescript": "5.0.4"
      },
      "peerDependencies": {
        "react": "*",
        "react-native": "*"
      }
    },
    "../../node_modules/.pnpm/react-native-reanimated@3.6_80558219fcef447379073e84311f2206/node_modules/react-native-reanimated": {
      "version": "3.6.3",
      "license": "MIT",
      "dependencies": {
        "@babel/plugin-transform-object-assign": "^7.16.7",
        "@babel/preset-typescript": "^7.16.7",
        "convert-source-map": "^2.0.0",
        "invariant": "^2.2.4"
      },
      "devDependencies": {
        "@babel/cli": "^7.20.0",
        "@babel/core": "^7.20.0",
        "@babel/plugin-proposal-class-properties": "^7.16.7",
        "@babel/plugin-proposal-nullish-coalescing-operator": "^7.0.0",
        "@babel/plugin-proposal-optional-chaining": "^7.0.0",
        "@babel/plugin-proposal-private-methods": "^7.18.6",
        "@babel/plugin-transform-arrow-functions": "^7.0.0",
        "@babel/plugin-transform-shorthand-properties": "^7.0.0",
        "@babel/plugin-transform-template-literals": "^7.0.0",
        "@babel/preset-env": "^7.20.0",
        "@babel/types": "^7.20.0",
        "@react-native/eslint-config": "^0.72.2",
        "@testing-library/jest-native": "^4.0.4",
        "@testing-library/react-hooks": "^8.0.0",
        "@testing-library/react-native": "^7.1.0",
        "@types/babel__core": "^7.20.0",
        "@types/babel__generator": "^7.6.4",
        "@types/babel__traverse": "^7.14.2",
        "@types/convert-source-map": "^2.0.0",
        "@types/invariant": "^2.2.35",
        "@types/jest": "^29.0.0",
        "@types/node": "^18.0.0",
        "@types/react": "^18.0.26",
        "@types/react-test-renderer": "17.0.2",
        "@typescript-eslint/eslint-plugin": "^5.11.0",
        "@typescript-eslint/parser": "^5.11.0",
        "axios": "^1.4.0",
        "babel-eslint": "^10.1.0",
        "babel-jest": "^27.5.1",
        "babel-plugin-module-resolver": "^5.0.0",
        "clang-format": "^1.6.0",
        "code-tag": "^1.1.0",
        "eslint": "^8.44.0",
        "eslint-config-prettier": "^8.3.0",
        "eslint-config-standard": "^16.0.3",
        "eslint-import-resolver-babel-module": "^5.3.1",
        "eslint-plugin-import": "^2.25.4",
        "eslint-plugin-jest": "^27.2.1",
        "eslint-plugin-no-inline-styles": "^1.0.5",
        "eslint-plugin-node": "^11.1.0",
        "eslint-plugin-promise": "^6.0.0",
        "eslint-plugin-react-hooks": "^4.6.0",
        "eslint-plugin-standard": "^5.0.0",
        "eslint-plugin-tsdoc": "^0.2.17",
        "husky": "^7.0.4",
        "jest": "^29.0.0",
        "lint-staged": "^11.2.0",
        "madge": "^5.0.1",
        "prettier": "^2.5.1",
        "react": "17.0.2",
        "react-native": "0.72.6",
        "react-native-builder-bob": "^0.18.3",
        "react-native-gesture-handler": "^2.13.2",
        "react-native-web": "~0.18.12",
        "react-test-renderer": "17.0.2",
        "shelljs": "^0.8.5",
        "ts-prune": "^0.10.3",
        "typescript": "^4.1.3"
      },
      "peerDependencies": {
        "@babel/core": "^7.0.0-0",
        "@babel/plugin-proposal-nullish-coalescing-operator": "^7.0.0-0",
        "@babel/plugin-proposal-optional-chaining": "^7.0.0-0",
        "@babel/plugin-transform-arrow-functions": "^7.0.0-0",
        "@babel/plugin-transform-shorthand-properties": "^7.0.0-0",
        "@babel/plugin-transform-template-literals": "^7.0.0-0",
        "react": "*",
        "react-native": "*"
      }
    },
    "../../node_modules/.pnpm/react-native-safe-area-cont_dca715c40b4a31868487e1c0fce0e355/node_modules/react-native-safe-area-context": {
      "version": "4.8.2",
      "license": "MIT",
      "devDependencies": {
        "@commitlint/config-conventional": "^18.4.3",
        "@jest/globals": "^29.7.0",
        "@react-native-community/eslint-config": "^3.2.0",
        "@react-native/babel-preset": "^0.73.18",
        "@react-native/eslint-plugin-specs": "^0.74.0",
        "@release-it/conventional-changelog": "^8.0.1",
        "@types/react": "^18.2.45",
        "@types/react-dom": "^18.2.17",
        "@types/react-test-renderer": "^18.0.7",
        "@typescript-eslint/eslint-plugin": "^6.14.0",
        "@typescript-eslint/parser": "^6.14.0",
        "babel-plugin-module-resolver": "^5.0.0",
        "clang-format": "^1.8.0",
        "commitlint": "^18.4.3",
        "eslint": "^8.55.0",
        "eslint-config-prettier": "^9.1.0",
        "eslint-plugin-jest": "^27.6.0",
        "eslint-plugin-prettier": "^5.0.1",
        "husky": "^8.0.3",
        "jest": "^29.7.0",
        "prettier": "^3.1.1",
        "react": "^18.2.0",
        "react-dom": "^18.2.0",
        "react-native": "^0.73.0",
        "react-native-builder-bob": "^0.23.2",
        "react-test-renderer": "^18.2.0",
        "release-it": "^17.0.1",
        "typescript": "^5.3.3"
      },
      "peerDependencies": {
        "react": "*",
        "react-native": "*"
      }
    },
    "../../node_modules/.pnpm/react-native-screens@3.29.0_ad0af2df4a7a3b50af3f051d27ac1848/node_modules/react-native-screens": {
      "version": "3.29.0",
      "license": "MIT",
      "dependencies": {
        "react-freeze": "^1.0.0",
        "warn-once": "^0.1.0"
      },
      "devDependencies": {
        "@babel/core": "^7.20.0",
        "@babel/eslint-parser": "7.22.15",
        "@react-native-community/bob": "^0.17.1",
        "@react-native-community/cli": "^11.3.6",
        "@react-native-community/cli-platform-android": "^11.3.6",
        "@react-native-community/cli-platform-ios": "^11.3.6",
        "@react-navigation/native": "^5.8.0",
        "@react-navigation/stack": "^5.10.0",
        "@types/jest": "^29.3.1",
        "@types/react": "^18.2.21",
        "@types/react-test-renderer": "^18.0.0",
        "@typescript-eslint/eslint-plugin": "^6.5.0",
        "@typescript-eslint/parser": "^6.5.0",
        "babel-jest": "^29.6.4",
        "clang-format": "^1.8.0",
        "eslint": "^8.19.0",
        "eslint-config-prettier": "^8.10.0",
        "eslint-config-standard": "^17.1.0",
        "eslint-plugin-import": "^2.28.1",
        "eslint-plugin-jest": "^27.2.3",
        "eslint-plugin-n": "^16.0.2",
        "eslint-plugin-promise": "^6.1.1",
        "eslint-plugin-react": "^7.33.2",
        "eslint-plugin-react-hooks": "^4.6.0",
        "eslint-plugin-react-native": "^4.0.0",
        "husky": "^8.0.3",
        "jest": "^29.3.1",
        "lint-staged": "^14.0.1",
        "metro-react-native-babel-preset": "^0.76.8",
        "prettier": "^2.8.8",
        "react": "18.2.0",
        "react-dom": "^18.2.0",
        "react-native": "0.72.4",
        "react-native-reanimated": "^2.2.0",
        "react-native-safe-area-context": "^4.7.2",
        "react-native-windows": "^0.64.8",
        "react-test-renderer": "^18.2.0",
        "release-it": "^15.6.0",
        "typescript": "4.8.4"
      },
      "peerDependencies": {
        "react": "*",
        "react-native": "*"
      }
    },
    "../../node_modules/.pnpm/react-native-svg@14.1.0_rea_e91be9db3e18470fcd9ec3e488551e75/node_modules/react-native-svg": {
      "version": "14.1.0",
      "license": "MIT",
      "dependencies": {
        "css-select": "^5.1.0",
        "css-tree": "^1.1.3"
      },
      "devDependencies": {
        "@react-native-community/eslint-config": "^3.0.2",
        "@react-native-community/eslint-plugin": "^1.2.0",
        "@react-native/babel-plugin-codegen": "^0.71.0",
        "@react-native/eslint-config": "^0.72.2",
        "@types/css-tree": "^1.0.3",
        "@types/jest": "^27.5.2",
        "@types/node": "*",
        "@types/react": "^18.2.18",
        "@typescript-eslint/eslint-plugin": "^5.11.0",
        "@typescript-eslint/parser": "^5.11.0",
        "babel-eslint": "^10.1.0",
        "babel-jest": "^28.1.0",
        "babel-plugin-module-resolver": "^5.0.0",
        "clang-format": "^1.8.0",
        "eslint": "^8.44.0",
        "eslint-config-prettier": "^8.3.0",
        "eslint-config-standard": "^17.0.0",
        "eslint-import-resolver-babel-module": "^5.3.2",
        "eslint-plugin-import": "^2.25.4",
        "eslint-plugin-n": "^16.0.0",
        "eslint-plugin-promise": "^6.1.1",
        "eslint-plugin-react-hooks": "^4.6.0",
        "eslint-plugin-standard": "^5.0.0",
        "husky": "^8.0.1",
        "jest": "^28.1.0",
        "lint-staged": "^13.0.3",
        "pegjs": "^0.10.0",
        "prettier": "3.0.1",
        "react": "^18.2.0",
        "react-native": "^0.72.3",
        "react-native-builder-bob": "^0.20.4",
        "react-native-windows": "^0.72.4",
        "react-test-renderer": "^18.2.0",
        "release-it": "^14.12.5",
        "ts-node": "^10.8.0",
        "typescript": "^5.1.6"
      },
      "peerDependencies": {
        "react": "*",
        "react-native": "*"
      }
    },
    "../../node_modules/.pnpm/react-native@0.73.6_@babel+_c7223fc82ad8cf70a14ad2f135d0b4c2/node_modules/react-native": {
      "version": "0.73.6",
      "license": "MIT",
      "dependencies": {
        "@jest/create-cache-key-function": "^29.6.3",
        "@react-native-community/cli": "12.3.6",
        "@react-native-community/cli-platform-android": "12.3.6",
        "@react-native-community/cli-platform-ios": "12.3.6",
        "@react-native/assets-registry": "0.73.1",
        "@react-native/codegen": "0.73.3",
        "@react-native/community-cli-plugin": "0.73.17",
        "@react-native/gradle-plugin": "0.73.4",
        "@react-native/js-polyfills": "0.73.1",
        "@react-native/normalize-colors": "0.73.2",
        "@react-native/virtualized-lists": "0.73.4",
        "abort-controller": "^3.0.0",
        "anser": "^1.4.9",
        "ansi-regex": "^5.0.0",
        "base64-js": "^1.5.1",
        "chalk": "^4.0.0",
        "deprecated-react-native-prop-types": "^5.0.0",
        "event-target-shim": "^5.0.1",
        "flow-enums-runtime": "^0.0.6",
        "invariant": "^2.2.4",
        "jest-environment-node": "^29.6.3",
        "jsc-android": "^250231.0.0",
        "memoize-one": "^5.0.0",
        "metro-runtime": "^0.80.3",
        "metro-source-map": "^0.80.3",
        "mkdirp": "^0.5.1",
        "nullthrows": "^1.1.1",
        "pretty-format": "^26.5.2",
        "promise": "^8.3.0",
        "react-devtools-core": "^4.27.7",
        "react-refresh": "^0.14.0",
        "react-shallow-renderer": "^16.15.0",
        "regenerator-runtime": "^0.13.2",
        "scheduler": "0.24.0-canary-efb381bbf-20230505",
        "stacktrace-parser": "^0.1.10",
        "whatwg-fetch": "^3.0.0",
        "ws": "^6.2.2",
        "yargs": "^17.6.2"
      },
      "bin": {
        "react-native": "cli.js"
      },
      "engines": {
        "node": ">=18"
      },
      "peerDependencies": {
        "react": "18.2.0"
      }
    },
    "../../node_modules/.pnpm/react@18.2.0/node_modules/react": {
      "version": "18.2.0",
      "license": "MIT",
      "dependencies": {
        "loose-envify": "^1.1.0"
      },
      "engines": {
        "node": ">=0.10.0"
      }
    },
    "../../node_modules/.pnpm/rimraf@5.0.10/node_modules/rimraf": {
      "version": "5.0.10",
      "dev": true,
      "license": "ISC",
      "dependencies": {
        "glob": "^10.3.7"
      },
      "bin": {
        "rimraf": "dist/esm/bin.mjs"
      },
      "devDependencies": {
        "@types/node": "^20.12.11",
        "mkdirp": "^3.0.1",
        "prettier": "^3.2.5",
        "tap": "^19.0.1",
        "tshy": "^1.14.0",
        "typedoc": "^0.25.13",
        "typescript": "^5.4.5"
      },
      "funding": {
        "url": "https://github.com/sponsors/isaacs"
      }
    },
    "../../node_modules/.pnpm/typescript-eslint@8.59.0_es_51cc34fe95de7170a700d3b3d4c41e6a/node_modules/typescript-eslint": {
      "version": "8.59.0",
      "dev": true,
      "license": "MIT",
      "dependencies": {
        "@typescript-eslint/eslint-plugin": "8.59.0",
        "@typescript-eslint/parser": "8.59.0",
        "@typescript-eslint/typescript-estree": "8.59.0",
        "@typescript-eslint/utils": "8.59.0"
      },
      "devDependencies": {
        "@vitest/coverage-v8": "^4.0.18",
        "eslint": "^10.0.0",
        "rimraf": "^5.0.10",
        "typescript": ">=4.8.4 <6.1.0",
        "vitest": "^4.0.18"
      },
      "engines": {
        "node": "^18.18.0 || ^20.9.0 || >=21.1.0"
      },
      "funding": {
        "type": "opencollective",
        "url": "https://opencollective.com/typescript-eslint"
      },
      "peerDependencies": {
        "eslint": "^8.57.0 || ^9.0.0 || ^10.0.0",
        "typescript": ">=4.8.4 <6.1.0"
      }
    },
    "../../node_modules/.pnpm/typescript@5.9.3/node_modules/typescript": {
      "version": "5.9.3",
      "dev": true,
      "license": "Apache-2.0",
      "bin": {
        "tsc": "bin/tsc",
        "tsserver": "bin/tsserver"
      },
      "devDependencies": {
        "@dprint/formatter": "^0.4.1",
        "@dprint/typescript": "0.93.4",
        "@esfx/canceltoken": "^1.0.0",
        "@eslint/js": "^9.20.0",
        "@octokit/rest": "^21.1.1",
        "@types/chai": "^4.3.20",
        "@types/diff": "^7.0.1",
        "@types/minimist": "^1.2.5",
        "@types/mocha": "^10.0.10",
        "@types/ms": "^0.7.34",
        "@types/node": "latest",
        "@types/source-map-support": "^0.5.10",
        "@types/which": "^3.0.4",
        "@typescript-eslint/rule-tester": "^8.24.1",
        "@typescript-eslint/type-utils": "^8.24.1",
        "@typescript-eslint/utils": "^8.24.1",
        "azure-devops-node-api": "^14.1.0",
        "c8": "^10.1.3",
        "chai": "^4.5.0",
        "chokidar": "^4.0.3",
        "diff": "^7.0.0",
        "dprint": "^0.49.0",
        "esbuild": "^0.25.0",
        "eslint": "^9.20.1",
        "eslint-formatter-autolinkable-stylish": "^1.4.0",
        "eslint-plugin-regexp": "^2.7.0",
        "fast-xml-parser": "^4.5.2",
        "glob": "^10.4.5",
        "globals": "^15.15.0",
        "hereby": "^1.10.0",
        "jsonc-parser": "^3.3.1",
        "knip": "^5.44.4",
        "minimist": "^1.2.8",
        "mocha": "^10.8.2",
        "mocha-fivemat-progress-reporter": "^0.1.0",
        "monocart-coverage-reports": "^2.12.1",
        "ms": "^2.1.3",
        "picocolors": "^1.1.1",
        "playwright": "^1.50.1",
        "source-map-support": "^0.5.21",
        "tslib": "^2.8.1",
        "typescript": "^5.7.3",
        "typescript-eslint": "^8.24.1",
        "which": "^3.0.1"
      },
      "engines": {
        "node": ">=14.17"
      }
    },
    "node_modules/@babel/core": {
      "resolved": "../../node_modules/.pnpm/@babel+core@7.29.0/node_modules/@babel/core",
      "link": true
    },
    "node_modules/@eslint/js": {
      "resolved": "../../node_modules/.pnpm/@eslint+js@9.39.4/node_modules/@eslint/js",
      "link": true
    },
    "node_modules/@react-native-community/datetimepicker": {
      "resolved": "../../node_modules/.pnpm/@react-native-community+datetimepicker@7.7.0/node_modules/@react-native-community/datetimepicker",
      "link": true
    },
    "node_modules/@types/jest": {
      "resolved": "../../node_modules/.pnpm/@types+jest@29.5.14/node_modules/@types/jest",
      "link": true
    },
    "node_modules/@types/react": {
      "resolved": "../../node_modules/.pnpm/@types+react@18.2.79/node_modules/@types/react",
      "link": true
    },
    "node_modules/@typescript-eslint/eslint-plugin": {
      "resolved": "../../node_modules/.pnpm/@typescript-eslint+eslint-p_f4b8f379f9d2202f924d4362f77c93d9/node_modules/@typescript-eslint/eslint-plugin",
      "link": true
    },
    "node_modules/@typescript-eslint/parser": {
      "resolved": "../../node_modules/.pnpm/@typescript-eslint+parser@8_de573f0ebc5c12f3c446e69620da549f/node_modules/@typescript-eslint/parser",
      "link": true
    },
    "node_modules/eslint": {
      "resolved": "../../node_modules/.pnpm/eslint@9.39.4_jiti@2.6.1/node_modules/eslint",
      "link": true
    },
    "node_modules/eslint-config-prettier": {
      "resolved": "../../node_modules/.pnpm/eslint-config-prettier@9.1.2_eslint@9.39.4_jiti@2.6.1_/node_modules/eslint-config-prettier",
      "link": true
    },
    "node_modules/eslint-plugin-react": {
      "resolved": "../../node_modules/.pnpm/eslint-plugin-react@7.37.5_eslint@9.39.4_jiti@2.6.1_/node_modules/eslint-plugin-react",
      "link": true
    },
    "node_modules/expo": {
      "resolved": "../../node_modules/.pnpm/expo@50.0.21_@babel+core@7._e6f562e6968823629249fdedbf307750/node_modules/expo",
      "link": true
    },
    "node_modules/expo-av": {
      "resolved": "../../node_modules/.pnpm/expo-av@13.10.6_expo@50.0.2_4e0d70192dd516d740a81ccda896276d/node_modules/expo-av",
      "link": true
    },
    "node_modules/expo-clipboard": {
      "resolved": "../../node_modules/.pnpm/expo-clipboard@5.0.1_expo@5_897db904f96a301994e5d62951dd0134/node_modules/expo-clipboard",
      "link": true
    },
    "node_modules/expo-crypto": {
      "resolved": "../../node_modules/.pnpm/expo-crypto@13.0.2_expo@50._46372ece978a06935774c0caf5896019/node_modules/expo-crypto",
      "link": true
    },
    "node_modules/expo-file-system": {
      "resolved": "../../node_modules/.pnpm/expo-file-system@16.0.9_exp_2caacb75078ff531d880f218bf66faa6/node_modules/expo-file-system",
      "link": true
    },
    "node_modules/expo-linking": {
      "resolved": "../../node_modules/.pnpm/expo-linking@6.2.2_expo@50._5453b8c40b426416ce1477641776ecd9/node_modules/expo-linking",
      "link": true
    },
    "node_modules/expo-share-intent": {
      "resolved": "../../node_modules/.pnpm/expo-share-intent@1.9.0_exp_02d1142c236d8a8a02a677291b9bdbe3/node_modules/expo-share-intent",
      "link": true
    },
    "node_modules/expo-sharing": {
      "resolved": "../../node_modules/.pnpm/expo-sharing@11.10.0_expo@5_5db5a221b1f9791d40142ec544e1b04c/node_modules/expo-sharing",
      "link": true
    },
    "node_modules/expo-splash-screen": {
      "resolved": "../../node_modules/.pnpm/expo-splash-screen@0.26.5_e_97864017554e8a792cacb72fa1778704/node_modules/expo-splash-screen",
      "link": true
    },
    "node_modules/expo-sqlite": {
      "resolved": "../../node_modules/.pnpm/expo-sqlite@13.4.0_expo@50._02f802ec2f67ed7bc51f25ba3fc41f95/node_modules/expo-sqlite",
      "link": true
    },
    "node_modules/expo-status-bar": {
      "resolved": "../../node_modules/.pnpm/expo-status-bar@1.11.1/node_modules/expo-status-bar",
      "link": true
    },
    "node_modules/expo-system-ui": {
      "resolved": "../../node_modules/.pnpm/expo-system-ui@2.9.4_expo@5_98589a4c35ca4f4b5aee4a97748bb30d/node_modules/expo-system-ui",
      "link": true
    },
    "node_modules/expo-video-thumbnails": {
      "resolved": "../../node_modules/.pnpm/expo-video-thumbnails@7.9.0_3fd8e30a0825fad8e9b9454e53664e98/node_modules/expo-video-thumbnails",
      "link": true
    },
    "node_modules/jest": {
      "resolved": "../../node_modules/.pnpm/jest@29.7.0_@types+node@25._0c55a7b8bbcc293b30d3a12fc80e562d/node_modules/jest",
      "link": true
    },
    "node_modules/jest-expo": {
      "resolved": "../../node_modules/.pnpm/jest-expo@50.0.4_@babel+cor_694ba757a156bd1f9b5204aa157f01bd/node_modules/jest-expo",
      "link": true
    },
    "node_modules/lucide-react-native": {
      "resolved": "../../node_modules/.pnpm/lucide-react-native@0.322.0_ba8b7acfa17b31d0df4866671d205b60/node_modules/lucide-react-native",
      "link": true
    },
    "node_modules/prettier": {
      "resolved": "../../node_modules/.pnpm/prettier@3.8.3/node_modules/prettier",
      "link": true
    },
    "node_modules/react": {
      "resolved": "../../node_modules/.pnpm/react@18.2.0/node_modules/react",
      "link": true
    },
    "node_modules/react-native": {
      "resolved": "../../node_modules/.pnpm/react-native@0.73.6_@babel+_c7223fc82ad8cf70a14ad2f135d0b4c2/node_modules/react-native",
      "link": true
    },
    "node_modules/react-native-gesture-handler": {
      "resolved": "../../node_modules/.pnpm/react-native-gesture-handle_96775f001708b2be03abb18f5a651cbe/node_modules/react-native-gesture-handler",
      "link": true
    },
    "node_modules/react-native-reanimated": {
      "resolved": "../../node_modules/.pnpm/react-native-reanimated@3.6_80558219fcef447379073e84311f2206/node_modules/react-native-reanimated",
      "link": true
    },
    "node_modules/react-native-safe-area-context": {
      "resolved": "../../node_modules/.pnpm/react-native-safe-area-cont_dca715c40b4a31868487e1c0fce0e355/node_modules/react-native-safe-area-context",
      "link": true
    },
    "node_modules/react-native-screens": {
      "resolved": "../../node_modules/.pnpm/react-native-screens@3.29.0_ad0af2df4a7a3b50af3f051d27ac1848/node_modules/react-native-screens",
      "link": true
    },
    "node_modules/react-native-svg": {
      "resolved": "../../node_modules/.pnpm/react-native-svg@14.1.0_rea_e91be9db3e18470fcd9ec3e488551e75/node_modules/react-native-svg",
      "link": true
    },
    "node_modules/rimraf": {
      "resolved": "../../node_modules/.pnpm/rimraf@5.0.10/node_modules/rimraf",
      "link": true
    },
    "node_modules/typescript": {
      "resolved": "../../node_modules/.pnpm/typescript@5.9.3/node_modules/typescript",
      "link": true
    },
    "node_modules/typescript-eslint": {
      "resolved": "../../node_modules/.pnpm/typescript-eslint@8.59.0_es_51cc34fe95de7170a700d3b3d4c41e6a/node_modules/typescript-eslint",
      "link": true
    }
  }
}
